
Microsoft Visual Studio Solution File, Format Version 12.00
# Visual Studio 15
VisualStudioVersion = 15.0.28010.2041
MinimumVisualStudioVersion = 10.0.40219.1
Project("{FAE04EC0-301F-11D3-BF4B-00C04F79EFBC}") = "KetenstandaardModule.Tests", "KetenstandaardModule.Tests\KetenstandaardModule.Tests.csproj", "{348DABB0-2847-4360-8535-CF5476ADBF1C}"
EndProject
Project("{9A19103F-16F7-4668-BE54-9A1E7A4F7556}") = "Ketenstandaard.Validator", "Ketenstandaard.Validator\Ketenstandaard.Validator.csproj", "{2909663E-5DF9-4183-84E8-4F94763F3DD7}"
EndProject
Global
	GlobalSection(SolutionConfigurationPlatforms) = preSolution
		Debug|Any CPU = Debug|Any CPU
		Release|Any CPU = Release|Any CPU
	EndGlobalSection
	GlobalSection(ProjectConfigurationPlatforms) = postSolution
		{348DABB0-2847-4360-8535-CF5476ADBF1C}.Debug|Any CPU.ActiveCfg = Debug|Any CPU
		{348DABB0-2847-4360-8535-CF5476ADBF1C}.Debug|Any CPU.Build.0 = Debug|Any CPU
		{348DABB0-2847-4360-8535-CF5476ADBF1C}.Release|Any CPU.ActiveCfg = Release|Any CPU
		{348DABB0-2847-4360-8535-CF5476ADBF1C}.Release|Any CPU.Build.0 = Release|Any CPU
		{2909663E-5DF9-4183-84E8-4F94763F3DD7}.Debug|Any CPU.ActiveCfg = Debug|Any CPU
		{2909663E-5DF9-4183-84E8-4F94763F3DD7}.Debug|Any CPU.Build.0 = Debug|Any CPU
		{2909663E-5DF9-4183-84E8-4F94763F3DD7}.Release|Any CPU.ActiveCfg = Release|Any CPU
		{2909663E-5DF9-4183-84E8-4F94763F3DD7}.Release|Any CPU.Build.0 = Release|Any CPU
	EndGlobalSection
	GlobalSection(SolutionProperties) = preSolution
		HideSolutionNode = FALSE
	EndGlobalSection
	GlobalSection(ExtensibilityGlobals) = postSolution
		SolutionGuid = {3671D3A1-6A54-4219-BAB7-2084F88E5924}
	EndGlobalSection
EndGlobal
